github.com/httpreserve/simplerequest v0.0.0-20230420130351-30c06b3538ab h1:YRA2XdWvPKKRwxcLnVwCWLqFV76idXSmiKoF/8PJtuw=
github.com/httpreserve/simplerequest v0.0.0-20230420130351-30c06b3538ab/go.mod h1:z8brvyOie+/8iYsE0Hr3wArpIzbPKtYd18rbtISm4xc=
github.com/pkg/errors v0.9.1 h1:FEBLx1zS214owpjy7qsBeixbURkuhQAwrK5UwLGTwt4=
github.com/pkg/errors v0.9.1/go.mod h1:bwawxfHBFNV+L2hUp1rHADufV3IMtnDRdf1r5NINEl0=
